// !$*UTF8*$!
{
	archiveVersion = 1;
	classes = {
	};
	objectVersion = 50;
	objects = {

/* Begin PBXBuildFile section */
		492AB733232AF5C400966A52 /* AppDelegate.swift in Sources */ = {isa = PBXBuildFile; fileRef = 492AB732232AF5C400966A52 /* AppDelegate.swift */; };
		492AB735232AF5C400966A52 /* ViewController.swift in Sources */ = {isa = PBXBuildFile; fileRef = 492AB734232AF5C400966A52 /* ViewController.swift */; };
		492AB738232AF5C400966A52 /* Main.storyboard in Resources */ = {isa = PBXBuildFile; fileRef = 492AB736232AF5C400966A52 /* Main.storyboard */; };
		492AB73B232AF5C400966A52 /* APIandMaps.xcdatamodeld in Sources */ = {isa = PBXBuildFile; fileRef = 492AB739232AF5C400966A52 /* APIandMaps.xcdatamodeld */; };
		492AB73D232AF5CA00966A52 /* Assets.xcassets in Resources */ = {isa = PBXBuildFile; fileRef = 492AB73C232AF5CA00966A52 /* Assets.xcassets */; };
		492AB740232AF5CA00966A52 /* LaunchScreen.storyboard in Resources */ = {isa = PBXBuildFile; fileRef = 492AB73E232AF5CA00966A52 /* LaunchScreen.storyboard */; };
/* End PBXBuildFile section */

/* Begin PBXFileReference section */
		492AB72F232AF5C400966A52 /* APIandMaps.app */ = {isa = PBXFileReference; explicitFileType = wrapper.application; includeInIndex = 0; path = APIandMaps.app; sourceTree = BUILT_PRODUCTS_DIR; };
		492AB732232AF5C400966A52 /* AppDelegate.swift */ = {isa = PBXFileReference; lastKnownFileType = sourcecode.swift; path = AppDelegate.swift; sourceTree = "<group>"; };
		492AB734232AF5C400966A52 /* ViewController.swift */ = {isa = PBXFileReference; lastKnownFileType = sourcecode.swift; path = ViewController.swift; sourceTree = "<group>"; };
		492AB737232AF5C400966A52 /* Base */ = {isa = PBXFileReference; lastKnownFileType = file.storyboard; name = Base; path = Base.lproj/Main.storyboard; sourceTree = "<group>"; };
		492AB73A232AF5C400966A52 /* APIandMaps.xcdatamodel */ = {isa = PBXFileReference; lastKnownFileType = wrapper.xcdatamodel; path = APIandMaps.xcdatamodel; sourceTree = "<group>"; };
		492AB73C232AF5CA00966A52 /* Assets.xcassets */ = {isa = PBXFileReference; lastKnownFileType = folder.assetcatalog; path = Assets.xcassets; sourceTree = "<group>"; };
		492AB73F232AF5CA00966A52 /* Base */ = {isa = PBXFileReference; lastKnownFileType = file.storyboard; name = Base; path = Base.lproj/LaunchScreen.storyboard; sourceTree = "<group>"; };
		492AB741232AF5CA00966A52 /* Info.plist */ = {isa = PBXFileReference; lastKnownFileType = text.plist.xml; path = Info.plist; sourceTree = "<group>"; };
/* End PBXFileReference section */

/* Begin PBXFrameworksBuildPhase section */
		492AB72C232AF5C400966A52 /* Frameworks */ = {
			isa = PBXFrameworksBuildPhase;
			buildActionMask = 2147483647;
			files = (
			);
			runOnlyForDeploymentPostprocessing = 0;
		};
/* End PBXFrameworksBuildPhase section */

/* Begin PBXGroup section */
		492AB726232AF5C400966A52 = {
			isa = PBXGroup;
			children = (
				492AB731232AF5C400966A52 /* APIandMaps */,
				492AB730232AF5C400966A52 /* Products */,
			);
			sourceTree = "<group>";
		};
		492AB730232AF5C400966A52 /* Products */ = {
			isa = PBXGroup;
			children = (
				492AB72F232AF5C400966A52 /* APIandMaps.app */,
			);
			name = Products;
			sourceTree = "<group>";
		};
		492AB731232AF5C400966A52 /* APIandMaps */ = {
			isa = PBXGroup;
			children = (
				492AB732232AF5C400966A52 /* AppDelegate.swift */,
				492AB734232AF5C400966A52 /* ViewController.swift */,
				492AB736232AF5C400966A52 /* Main.storyboard */,
				492AB73C232AF5CA00966A52 /* Assets.xcassets */,
				492AB73E232AF5CA00966A52 /* LaunchScreen.storyboard */,
				492AB741232AF5CA00966A52 /* Info.plist */,
				492AB739232AF5C400966A52 /* APIandMaps.xcdatamodeld */,
			);
			path = APIandMaps;
			sourceTree = "<group>";
		};
/* End PBXGroup section */

/* Begin PBXNativeTarget section */
		492AB72E232AF5C400966A52 /* APIandMaps */ = {
			isa = PBXNativeTarget;
			buildConfigurationList = 492AB744232AF5CA00966A52 /* Build configuration list for PBXNativeTarget "APIandMaps" */;
			buildPhases = (
				492AB72B232AF5C400966A52 /* Sources */,
				492AB72C232AF5C400966A52 /* Frameworks */,
				492AB72D232AF5C400966A52 /* Resources */,
			);
			buildRules = (
			);
			dependencies = (
			);
			name = APIandMaps;
			productName = APIandMaps;
			productReference = 492AB72F232AF5C400966A52 /* APIandMaps.app */;
			productType = "com.apple.product-type.application";
		};
/* End PBXNativeTarget section */

/* Begin PBXProject section */
		492AB727232AF5C400966A52 /* Project object */ = {
			isa = PBXProject;
			attributes = {
				LastSwiftUpdateCheck = 1030;
				LastUpgradeCheck = 1030;
				ORGANIZATIONNAME = IMCS2;
				TargetAttributes = {
					492AB72E232AF5C400966A52 = {
						CreatedOnToolsVersion = 10.3;
					};
				};
			};
			buildConfigurationList = 492AB72A232AF5C400966A52 /* Build configuration list for PBXProject "APIandMaps" */;
			compatibilityVersion = "Xcode 9.3";
			developmentRegion = en;
			hasScannedForEncodings = 0;
			knownRegions = (
				en,
				Base,
			);
			mainGroup = 492AB726232AF5C400966A52;
			productRefGroup = 492AB730232AF5C400966A52 /* Products */;
			projectDirPath = "";
			projectRoot = "";
			targets = (
				492AB72E232AF5C400966A52 /* APIandMaps */,
			);
		};
/* End PBXProject section */

/* Begin PBXResourcesBuildPhase section */
		492AB72D232AF5C400966A52 /* Resources */ = {
			isa = PBXResourcesBuildPhase;
			buildActionMask = 2147483647;
			files = (
				492AB740232AF5CA00966A52 /* LaunchScreen.storyboard in Resources */,
				492AB73D232AF5CA00966A52 /* Assets.xcassets in Resources */,
				492AB738232AF5C400966A52 /* Main.storyboard in Resources */,
			);
			runOnlyForDeploymentPostprocessing = 0;
		};
/* End PBXResourcesBuildPhase section */

/* Begin PBXSourcesBuildPhase section */
		492AB72B232AF5C400966A52 /* Sources */ = {
			isa = PBXSourcesBuildPhase;
			buildActionMask = 2147483647;
			files = (
				492AB735232AF5C400966A52 /* ViewController.swift in Sources */,
				492AB733232AF5C400966A52 /* AppDelegate.swift in Sources */,
				492AB73B232AF5C400966A52 /* APIandMaps.xcdatamodeld in Sources */,
			);
			runOnlyForDeploymentPostprocessing = 0;
		};
/* End PBXSourcesBuildPhase section */

/* Begin PBXVariantGroup section */
		492AB736232AF5C400966A52 /* Main.storyboard */ = {
			isa = PBXVariantGroup;
			children = (
				492AB737232AF5C400966A52 /* Base */,
			);
			name = Main.storyboard;
			sourceTree = "<group>";
		};
		492AB73E232AF5CA00966A52 /* LaunchScreen.storyboard */ = {
			isa = PBXVariantGroup;
			children = (
				492AB73F232AF5CA00966A52 /* Base */,
			);
			name = LaunchScreen.storyboard;
			sourceTree = "<group>";
		};
/* End PBXVariantGroup section */

/* Begin XCBuildConfiguration section */
		492AB742232AF5CA00966A52 /* Debug */ = {
			isa = XCBuildConfiguration;
			buildSettings = {
				ALWAYS_SEARCH_USER_PATHS = NO;
				CLANG_ANALYZER_NONNULL = YES;
				CLANG_ANALYZER_NUMBER_OBJECT_CONVERSION = YES_AGGRESSIVE;
				CLANG_CXX_LANGUAGE_STANDARD = "gnu++14";
				CLANG_CXX_LIBRARY = "libc++";
				CLANG_ENABLE_MODULES = YES;
				CLANG_ENABLE_OBJC_ARC = YES;
				CLANG_ENABLE_OBJC_WEAK = YES;
				CLANG_WARN_BLOCK_CAPTURE_AUTORELEASING = YES;
				CLANG_WARN_BOOL_CONVERSION = YES;
				CLANG_WARN_COMMA = YES;
				CLANG_WARN_CONSTANT_CONVERSION = YES;
				CLANG_WARN_DEPRECATED_OBJC_IMPLEMENTATIONS = YES;
				CLANG_WARN_DIRECT_OBJC_ISA_USAGE = YES_ERROR;
				CLANG_WARN_DOCUMENTATION_COMMENTS = YES;
				CLANG_WARN_EMPTY_BODY = YES;
				CLANG_WARN_ENUM_CONVERSION = YES;
				CLANG_WARN_INFINITE_RECURSION = YES;
				CLANG_WARN_INT_CONVERSION = YES;
				CLANG_WARN_NON_LITERAL_NULL_CONVERSION = YES;
				CLANG_WARN_OBJC_IMPLICIT_RETAIN_SELF = YES;
				CLANG_WARN_OBJC_LITERAL_CONVERSION = YES;
				CLANG_WARN_OBJC_ROOT_CLASS = YES_ERROR;
				CLANG_WARN_RANGE_LOOP_ANALYSIS = YES;
				CLANG_WARN_STRICT_PROTOTYPES = YES;
				CLANG_WARN_SUSPICIOUS_MOVE = YES;
				CLANG_WARN_UNGUARDED_AVAILABILITY = YES_AGGRESSIVE;
				CLANG_WARN_UNREACHABLE_CODE = YES;
				CLANG_WARN__DUPLICATE_METHOD_MATCH = YES;
				CODE_SIGN_IDENTITY = "iPhone Developer";
				COPY_PHASE_STRIP = NO;
				DEBUG_INFORMATION_FORMAT = dwarf;
				ENABLE_STRICT_OBJC_MSGSEND = YES;
				ENABLE_TESTABILITY = YES;
				GCC_C_LANGUAGE_STANDARD = gnu11;
				GCC_DYNAMIC_NO_PIC = NO;
				GCC_NO_COMMON_BLOCKS = YES;
				GCC_OPTIMIZATION_LEVEL = 0;
				GCC_PREPROCESSOR_DEFINITIONS = (
					"DEBUG=1",
					"$(inherited)",
				);
				GCC_WARN_64_TO_32_BIT_CONVERSION = YES;
				GCC_WARN_ABOUT_RETURN_TYPE = YES_ERROR;
				GCC_WARN_UNDECLARED_SELECTOR = YES;
				GCC_WARN_UNINITIALIZED_AUTOS = YES_AGGRESSIVE;
				GCC_WARN_UNUSED_FUNCTION = YES;
				GCC_WARN_UNUSED_VARIABLE = YES;
				IPHONEOS_DEPLOYMENT_TARGET = 12.4;
				MTL_ENABLE_DEBUG_INFO = INCLUDE_SOURCE;
				MTL_FAST_MATH = YES;
				ONLY_ACTIVE_ARCH = YES;
				SDKROOT = iphoneos;
				SWIFT_ACTIVE_COMPILATION_CONDITIONS = DEBUG;
				SWIFT_OPTIMIZATION_LEVEL = "-Onone";
			};
			name = Debug;
		};
		492AB743232AF5CA00966A52 /* Release */ = {
			isa = XCBuildConfiguration;
			buildSettings = {
				ALWAYS_SEARCH_USER_PATHS = NO;
				CLANG_ANALYZER_NONNULL = YES;
				CLANG_ANALYZER_NUMBER_OBJECT_CONVERSION = YES_AGGRESSIVE;
				CLANG_CXX_LANGUAGE_STANDARD = "gnu++14";
				CLANG_CXX_LIBRARY = "libc++";
				CLANG_ENABLE_MODULES = YES;
				CLANG_ENABLE_OBJC_ARC = YES;
				CLANG_ENABLE_OBJC_WEAK = YES;
				CLANG_WARN_BLOCK_CAPTURE_AUTORELEASING = YES;
				CLANG_WARN_BOOL_CONVERSION = YES;
				CLANG_WARN_COMMA = YES;
				CLANG_WARN_CONSTANT_CONVERSION = YES;
				CLANG_WARN_DEPRECATED_OBJC_IMPLEMENTATIONS = YES;
				CLANG_WARN_DIRECT_OBJC_ISA_USAGE = YES_ERROR;
				CLANG_WARN_DOCUMENTATION_COMMENTS = YES;
				CLANG_WARN_EMPTY_BODY = YES;
				CLANG_WARN_ENUM_CONVERSION = YES;
				CLANG_WARN_INFINITE_RECURSION = YES;
				CLANG_WARN_INT_CONVERSION = YES;
				CLANG_WARN_NON_LITERAL_NULL_CONVERSION = YES;
				CLANG_WARN_OBJC_IMPLICIT_RETAIN_SELF = YES;
				CLANG_WARN_OBJC_LITERAL_CONVERSION = YES;
				CLANG_WARN_OBJC_ROOT_CLASS = YES_ERROR;
				CLANG_WARN_RANGE_LOOP_ANALYSIS = YES;
				CLANG_WARN_STRICT_PROTOTYPES = YES;
				CLANG_WARN_SUSPICIOUS_MOVE = YES;
				CLANG_WARN_UNGUARDED_AVAILABILITY = YES_AGGRESSIVE;
				CLANG_WARN_UNREACHABLE_CODE = YES;
				CLANG_WARN__DUPLICATE_METHOD_MATCH = YES;
				CODE_SIGN_IDENTITY = "iPhone Developer";
				COPY_PHASE_STRIP = NO;
				DEBUG_INFORMATION_FORMAT = "dwarf-with-dsym";
				ENABLE_NS_ASSERTIONS = NO;
				ENABLE_STRICT_OBJC_MSGSEND = YES;
				GCC_C_LANGUAGE_STANDARD = gnu11;
				GCC_NO_COMMON_BLOCKS = YES;
				GCC_WARN_64_TO_32_BIT_CONVERSION = YES;
				GCC_WARN_ABOUT_RETURN_TYPE = YES_ERROR;
				GCC_WARN_UNDECLARED_SELECTOR = YES;
				GCC_WARN_UNINITIALIZED_AUTOS = YES_AGGRESSIVE;
				GCC_WARN_UNUSED_FUNCTION = YES;
				GCC_WARN_UNUSED_VARIABLE = YES;
				IPHONEOS_DEPLOYMENT_TARGET = 12.4;
				MTL_ENABLE_DEBUG_INFO = NO;
				MTL_FAST_MATH = YES;
				SDKROOT = iphoneos;
				SWIFT_COMPILATION_MODE = wholemodule;
				SWIFT_OPTIMIZATION_LEVEL = "-O";
				VALIDATE_PRODUCT = YES;
			};
			name = Release;
		};
		492AB745232AF5CA00966A52 /* Debug */ = {
			isa = XCBuildConfiguration;
			buildSettings = {
				ASSETCATALOG_COMPILER_APPICON_NAME = AppIcon;
				CODE_SIGN_STYLE = Automatic;
				INFOPLIST_FILE = APIandMaps/Info.plist;
				LD_RUNPATH_SEARCH_PATHS = (
					"$(inherited)",
					"@executable_path/Frameworks",
				);
				PRODUCT_BUNDLE_IDENTIFIER = imcs.APIandMaps;
				PRODUCT_NAME = "$(TARGET_NAME)";
				SWIFT_VERSION = 5.0;
				TARGETED_DEVICE_FAMILY = "1,2";
			};
			name = Debug;
		};
		492AB746232AF5CA00966A52 /* Release */ = {
			isa = XCBuildConfiguration;
			buildSettings = {
				ASSETCATALOG_COMPILER_APPICON_NAME = AppIcon;
				CODE_SIGN_STYLE = Automatic;
				INFOPLIST_FILE = APIandMaps/Info.plist;
				LD_RUNPATH_SEARCH_PATHS = (
					"$(inherited)",
					"@executable_path/Frameworks",
				);
				PRODUCT_BUNDLE_IDENTIFIER = imcs.APIandMaps;
				PRODUCT_NAME = "$(TARGET_NAME)";
				SWIFT_VERSION = 5.0;
				TARGETED_DEVICE_FAMILY = "1,2";
			};
			name = Release;
		};
/* End XCBuildConfiguration section */

/* Begin XCConfigurationList section */
		492AB72A232AF5C400966A52 /* Build configuration list for PBXProject "APIandMaps" */ = {
			isa = XCConfigurationList;
			buildConfigurations = (
				492AB742232AF5CA00966A52 /* Debug */,
				492AB743232AF5CA00966A52 /* Release */,
			);
			defaultConfigurationIsVisible = 0;
			defaultConfigurationName = Release;
		};
		492AB744232AF5CA00966A52 /* Build configuration list for PBXNativeTarget "APIandMaps" */ = {
			isa = XCConfigurationList;
			buildConfigurations = (
				492AB745232AF5CA00966A52 /* Debug */,
				492AB746232AF5CA00966A52 /* Release */,
			);
			defaultConfigurationIsVisible = 0;
			defaultConfigurationName = Release;
		};
/* End XCConfigurationList section */

/* Begin XCVersionGroup section */
		492AB739232AF5C400966A52 /* APIandMaps.xcdatamodeld */ = {
			isa = XCVersionGroup;
			children = (
				492AB73A232AF5C400966A52 /* APIandMaps.xcdatamodel */,
			);
			currentVersion = 492AB73A232AF5C400966A52 /* APIandMaps.xcdatamodel */;
			path = APIandMaps.xcdatamodeld;
			sourceTree = "<group>";
			versionGroupType = wrapper.xcdatamodel;
		};
/* End XCVersionGroup section */
	};
	rootObject = 492AB727232AF5C400966A52 /* Project object */;
}
